
Microsoft Visual Studio Solution File, Format Version 12.00
# Visual Studio 15
VisualStudioVersion = 15.0.28307.329
MinimumVisualStudioVersion = 10.0.40219.1
Project("{FAE04EC0-301F-11D3-BF4B-00C04F79EFBC}") = "Calculator-machine", "Calculator-machine.csproj", "{A6A89EDF-6974-4C15-A019-10AE85C7F0F5}"
EndProject
Global
	GlobalSection(SolutionConfigurationPlatforms) = preSolution
		Debug|Any CPU = Debug|Any CPU
		Release|Any CPU = Release|Any CPU
	EndGlobalSection
	GlobalSection(ProjectConfigurationPlatforms) = postSolution
		{A6A89EDF-6974-4C15-A019-10AE85C7F0F5}.Debug|Any CPU.ActiveCfg = Debug|Any CPU
		{A6A89EDF-6974-4C15-A019-10AE85C7F0F5}.Debug|Any CPU.Build.0 = Debug|Any CPU
		{A6A89EDF-6974-4C15-A019-10AE85C7F0F5}.Release|Any CPU.ActiveCfg = Release|Any CPU
		{A6A89EDF-6974-4C15-A019-10AE85C7F0F5}.Release|Any CPU.Build.0 = Release|Any CPU
	EndGlobalSection
	GlobalSection(SolutionProperties) = preSolution
		HideSolutionNode = FALSE
	EndGlobalSection
	GlobalSection(ExtensibilityGlobals) = postSolution
		SolutionGuid = {BF810B7F-43DC-43DA-A272-54B42575C231}
	EndGlobalSection
EndGlobal
